
Microsoft Visual Studio Solution File, Format Version 12.00
# Visual Studio Version 16
VisualStudioVersion = 16.0.31025.194
MinimumVisualStudioVersion = 10.0.40219.1
Project("{FAE04EC0-301F-11D3-BF4B-00C04F79EFBC}") = "WebApplication1", "WebApplication1\WebApplication1.csproj", "{7BD4570C-BC71-454B-A9A1-CEDF1F4A969C}"
EndProject
Global
	GlobalSection(SolutionConfigurationPlatforms) = preSolution
		Debug|Any CPU = Debug|Any CPU
		Release|Any CPU = Release|Any CPU
	EndGlobalSection
	GlobalSection(ProjectConfigurationPlatforms) = postSolution
		{7BD4570C-BC71-454B-A9A1-CEDF1F4A969C}.Debug|Any CPU.ActiveCfg = Debug|Any CPU
		{7BD4570C-BC71-454B-A9A1-CEDF1F4A969C}.Debug|Any CPU.Build.0 = Debug|Any CPU
		{7BD4570C-BC71-454B-A9A1-CEDF1F4A969C}.Release|Any CPU.ActiveCfg = Release|Any CPU
		{7BD4570C-BC71-454B-A9A1-CEDF1F4A969C}.Release|Any CPU.Build.0 = Release|Any CPU
	EndGlobalSection
	GlobalSection(SolutionProperties) = preSolution
		HideSolutionNode = FALSE
	EndGlobalSection
	GlobalSection(ExtensibilityGlobals) = postSolution
		SolutionGuid = {635A2F4A-F4AE-46DA-84EC-558D9AB6DF25}
	EndGlobalSection
EndGlobal
